
Microsoft Visual Studio Solution File, Format Version 12.00
# Visual Studio Version 17
VisualStudioVersion = 17.14.36203.30 d17.14
MinimumVisualStudioVersion = 10.0.40219.1
Project("{2150E333-8FDC-42A3-9474-1A3956D46DE8}") = "June17", "June17", "{02EA681E-C7D8-13C7-8484-4AC65E1B71E8}"
EndProject
Project("{FAE04EC0-301F-11D3-BF4B-00C04F79EFBC}") = "WhileEven", "WhileEg\WhileEven.csproj", "{9CD71731-AFCE-4FAF-88A7-E086DDD7ED4C}"
EndProject
Project("{FAE04EC0-301F-11D3-BF4B-00C04F79EFBC}") = "Multiple3", "Multiple3\Multiple3.csproj", "{EE5A4AAC-1C98-4976-ABAE-01EDA83C5A43}"
EndProject
Project("{FAE04EC0-301F-11D3-BF4B-00C04F79EFBC}") = "StringArray", "StringArray\StringArray.csproj", "{79F18588-6F4F-4938-BABC-947BCCFBAD7E}"
EndProject
Project("{FAE04EC0-301F-11D3-BF4B-00C04F79EFBC}") = "IntArray", "IntArray\IntArray.csproj", "{3FDD35BF-BBE4-434F-9AC1-B79A0985E109}"
EndProject
Project("{FAE04EC0-301F-11D3-BF4B-00C04F79EFBC}") = "GenerateString", "GenerateString\GenerateString.csproj", "{476573F0-A27F-41A4-9D11-E49E060B0087}"
EndProject
Project("{FAE04EC0-301F-11D3-BF4B-00C04F79EFBC}") = "GenericInt", "GenericInt\GenericInt.csproj", "{FF5CF498-4A6F-45D6-A9A8-C61C81B7FB8F}"
EndProject
Project("{FAE04EC0-301F-11D3-BF4B-00C04F79EFBC}") = "ImplicityType", "ImplicityType\ImplicityType.csproj", "{6ED10202-15EA-48F5-B2DD-0259FB4FECB9}"
EndProject
Project("{FAE04EC0-301F-11D3-BF4B-00C04F79EFBC}") = "WithoutTopLevelStatement", "WithoutTopLevelStatement\WithoutTopLevelStatement.csproj", "{D27D1E60-9AEE-4737-BC75-4854035610AF}"
EndProject
Project("{FAE04EC0-301F-11D3-BF4B-00C04F79EFBC}") = "helloclass", "helloclass\helloclass.csproj", "{C36383A9-C161-4861-AE1A-68B582995576}"
EndProject
Project("{FAE04EC0-301F-11D3-BF4B-00C04F79EFBC}") = "CalculatorWithClass", "CalculatorWithClass\CalculatorWithClass.csproj", "{24BD4886-1C0E-417F-A426-286239B7B38F}"
EndProject
Project("{FAE04EC0-301F-11D3-BF4B-00C04F79EFBC}") = "calculatorwithFunction", "calculatorwithFunction\calculatorwithFunction.csproj", "{8F84784A-B01B-4DBA-87F5-351CCF7EB6C8}"
EndProject
Global
	GlobalSection(SolutionConfigurationPlatforms) = preSolution
		Debug|Any CPU = Debug|Any CPU
		Release|Any CPU = Release|Any CPU
	EndGlobalSection
	GlobalSection(ProjectConfigurationPlatforms) = postSolution
		{9CD71731-AFCE-4FAF-88A7-E086DDD7ED4C}.Debug|Any CPU.ActiveCfg = Debug|Any CPU
		{9CD71731-AFCE-4FAF-88A7-E086DDD7ED4C}.Debug|Any CPU.Build.0 = Debug|Any CPU
		{9CD71731-AFCE-4FAF-88A7-E086DDD7ED4C}.Release|Any CPU.ActiveCfg = Release|Any CPU
		{9CD71731-AFCE-4FAF-88A7-E086DDD7ED4C}.Release|Any CPU.Build.0 = Release|Any CPU
		{EE5A4AAC-1C98-4976-ABAE-01EDA83C5A43}.Debug|Any CPU.ActiveCfg = Debug|Any CPU
		{EE5A4AAC-1C98-4976-ABAE-01EDA83C5A43}.Debug|Any CPU.Build.0 = Debug|Any CPU
		{EE5A4AAC-1C98-4976-ABAE-01EDA83C5A43}.Release|Any CPU.ActiveCfg = Release|Any CPU
		{EE5A4AAC-1C98-4976-ABAE-01EDA83C5A43}.Release|Any CPU.Build.0 = Release|Any CPU
		{79F18588-6F4F-4938-BABC-947BCCFBAD7E}.Debug|Any CPU.ActiveCfg = Debug|Any CPU
		{79F18588-6F4F-4938-BABC-947BCCFBAD7E}.Debug|Any CPU.Build.0 = Debug|Any CPU
		{79F18588-6F4F-4938-BABC-947BCCFBAD7E}.Release|Any CPU.ActiveCfg = Release|Any CPU
		{79F18588-6F4F-4938-BABC-947BCCFBAD7E}.Release|Any CPU.Build.0 = Release|Any CPU
		{3FDD35BF-BBE4-434F-9AC1-B79A0985E109}.Debug|Any CPU.ActiveCfg = Debug|Any CPU
		{3FDD35BF-BBE4-434F-9AC1-B79A0985E109}.Debug|Any CPU.Build.0 = Debug|Any CPU
		{3FDD35BF-BBE4-434F-9AC1-B79A0985E109}.Release|Any CPU.ActiveCfg = Release|Any CPU
		{3FDD35BF-BBE4-434F-9AC1-B79A0985E109}.Release|Any CPU.Build.0 = Release|Any CPU
		{476573F0-A27F-41A4-9D11-E49E060B0087}.Debug|Any CPU.ActiveCfg = Debug|Any CPU
		{476573F0-A27F-41A4-9D11-E49E060B0087}.Debug|Any CPU.Build.0 = Debug|Any CPU
		{476573F0-A27F-41A4-9D11-E49E060B0087}.Release|Any CPU.ActiveCfg = Release|Any CPU
		{476573F0-A27F-41A4-9D11-E49E060B0087}.Release|Any CPU.Build.0 = Release|Any CPU
		{FF5CF498-4A6F-45D6-A9A8-C61C81B7FB8F}.Debug|Any CPU.ActiveCfg = Debug|Any CPU
		{FF5CF498-4A6F-45D6-A9A8-C61C81B7FB8F}.Debug|Any CPU.Build.0 = Debug|Any CPU
		{FF5CF498-4A6F-45D6-A9A8-C61C81B7FB8F}.Release|Any CPU.ActiveCfg = Release|Any CPU
		{FF5CF498-4A6F-45D6-A9A8-C61C81B7FB8F}.Release|Any CPU.Build.0 = Release|Any CPU
		{6ED10202-15EA-48F5-B2DD-0259FB4FECB9}.Debug|Any CPU.ActiveCfg = Debug|Any CPU
		{6ED10202-15EA-48F5-B2DD-0259FB4FECB9}.Debug|Any CPU.Build.0 = Debug|Any CPU
		{6ED10202-15EA-48F5-B2DD-0259FB4FECB9}.Release|Any CPU.ActiveCfg = Release|Any CPU
		{6ED10202-15EA-48F5-B2DD-0259FB4FECB9}.Release|Any CPU.Build.0 = Release|Any CPU
		{D27D1E60-9AEE-4737-BC75-4854035610AF}.Debug|Any CPU.ActiveCfg = Debug|Any CPU
		{D27D1E60-9AEE-4737-BC75-4854035610AF}.Debug|Any CPU.Build.0 = Debug|Any CPU
		{D27D1E60-9AEE-4737-BC75-4854035610AF}.Release|Any CPU.ActiveCfg = Release|Any CPU
		{D27D1E60-9AEE-4737-BC75-4854035610AF}.Release|Any CPU.Build.0 = Release|Any CPU
		{C36383A9-C161-4861-AE1A-68B582995576}.Debug|Any CPU.ActiveCfg = Debug|Any CPU
		{C36383A9-C161-4861-AE1A-68B582995576}.Debug|Any CPU.Build.0 = Debug|Any CPU
		{C36383A9-C161-4861-AE1A-68B582995576}.Release|Any CPU.ActiveCfg = Release|Any CPU
		{C36383A9-C161-4861-AE1A-68B582995576}.Release|Any CPU.Build.0 = Release|Any CPU
		{24BD4886-1C0E-417F-A426-286239B7B38F}.Debug|Any CPU.ActiveCfg = Debug|Any CPU
		{24BD4886-1C0E-417F-A426-286239B7B38F}.Debug|Any CPU.Build.0 = Debug|Any CPU
		{24BD4886-1C0E-417F-A426-286239B7B38F}.Release|Any CPU.ActiveCfg = Release|Any CPU
		{24BD4886-1C0E-417F-A426-286239B7B38F}.Release|Any CPU.Build.0 = Release|Any CPU
		{8F84784A-B01B-4DBA-87F5-351CCF7EB6C8}.Debug|Any CPU.ActiveCfg = Debug|Any CPU
		{8F84784A-B01B-4DBA-87F5-351CCF7EB6C8}.Debug|Any CPU.Build.0 = Debug|Any CPU
		{8F84784A-B01B-4DBA-87F5-351CCF7EB6C8}.Release|Any CPU.ActiveCfg = Release|Any CPU
		{8F84784A-B01B-4DBA-87F5-351CCF7EB6C8}.Release|Any CPU.Build.0 = Release|Any CPU
	EndGlobalSection
	GlobalSection(SolutionProperties) = preSolution
		HideSolutionNode = FALSE
	EndGlobalSection
	GlobalSection(NestedProjects) = preSolution
		{9CD71731-AFCE-4FAF-88A7-E086DDD7ED4C} = {02EA681E-C7D8-13C7-8484-4AC65E1B71E8}
		{EE5A4AAC-1C98-4976-ABAE-01EDA83C5A43} = {02EA681E-C7D8-13C7-8484-4AC65E1B71E8}
		{79F18588-6F4F-4938-BABC-947BCCFBAD7E} = {02EA681E-C7D8-13C7-8484-4AC65E1B71E8}
		{3FDD35BF-BBE4-434F-9AC1-B79A0985E109} = {02EA681E-C7D8-13C7-8484-4AC65E1B71E8}
		{476573F0-A27F-41A4-9D11-E49E060B0087} = {02EA681E-C7D8-13C7-8484-4AC65E1B71E8}
		{FF5CF498-4A6F-45D6-A9A8-C61C81B7FB8F} = {02EA681E-C7D8-13C7-8484-4AC65E1B71E8}
		{6ED10202-15EA-48F5-B2DD-0259FB4FECB9} = {02EA681E-C7D8-13C7-8484-4AC65E1B71E8}
		{D27D1E60-9AEE-4737-BC75-4854035610AF} = {02EA681E-C7D8-13C7-8484-4AC65E1B71E8}
		{C36383A9-C161-4861-AE1A-68B582995576} = {02EA681E-C7D8-13C7-8484-4AC65E1B71E8}
		{24BD4886-1C0E-417F-A426-286239B7B38F} = {02EA681E-C7D8-13C7-8484-4AC65E1B71E8}
		{8F84784A-B01B-4DBA-87F5-351CCF7EB6C8} = {02EA681E-C7D8-13C7-8484-4AC65E1B71E8}
	EndGlobalSection
	GlobalSection(ExtensibilityGlobals) = postSolution
		SolutionGuid = {F3C259D4-F54D-40C9-80EA-C1BED9D1ECCF}
	EndGlobalSection
EndGlobal
